
Microsoft Visual Studio Solution File, Format Version 12.00
# Visual Studio Version 16
VisualStudioVersion = 16.0.29519.181
MinimumVisualStudioVersion = 10.0.40219.1
Project("{FAE04EC0-301F-11D3-BF4B-00C04F79EFBC}") = "VisualStudioDemo", "VisualStudioDemo.csproj", "{71BD1C8B-7467-4B6E-B91B-658C5306D8C1}"
EndProject
Global
	GlobalSection(SolutionConfigurationPlatforms) = preSolution
		Debug|Any CPU = Debug|Any CPU
		Release|Any CPU = Release|Any CPU
	EndGlobalSection
	GlobalSection(ProjectConfigurationPlatforms) = postSolution
		{71BD1C8B-7467-4B6E-B91B-658C5306D8C1}.Debug|Any CPU.ActiveCfg = Debug|Any CPU
		{71BD1C8B-7467-4B6E-B91B-658C5306D8C1}.Debug|Any CPU.Build.0 = Debug|Any CPU
		{71BD1C8B-7467-4B6E-B91B-658C5306D8C1}.Release|Any CPU.ActiveCfg = Release|Any CPU
		{71BD1C8B-7467-4B6E-B91B-658C5306D8C1}.Release|Any CPU.Build.0 = Release|Any CPU
	EndGlobalSection
	GlobalSection(SolutionProperties) = preSolution
		HideSolutionNode = FALSE
	EndGlobalSection
	GlobalSection(ExtensibilityGlobals) = postSolution
		SolutionGuid = {6ACA217E-CDBE-49E7-8887-18B1C4BB8EAA}
	EndGlobalSection
EndGlobal
